// !$*UTF8*$!
{
	archiveVersion = 1;
	classes = {
	};
	objectVersion = 56;
	objects = {

/* Begin PBXBuildFile section */
		EC45DC972C0458E6009ADA5C /* Kingfisher in Frameworks */ = {isa = PBXBuildFile; productRef = EC45DC962C0458E6009ADA5C /* Kingfisher */; };
		EC78998C2BF340C6003C421E /* RealmSwift in Frameworks */ = {isa = PBXBuildFile; productRef = EC78998B2BF340C6003C421E /* RealmSwift */; };
		EC7899902BF34956003C421E /* FavoriteInfoView.swift in Sources */ = {isa = PBXBuildFile; fileRef = EC78998F2BF34956003C421E /* FavoriteInfoView.swift */; };
		EC7899922BF34FAE003C421E /* FavoriteViewModel.swift in Sources */ = {isa = PBXBuildFile; fileRef = EC7899912BF34FAE003C421E /* FavoriteViewModel.swift */; };
		EC7899942BF350C7003C421E /* FavoriteModel.swift in Sources */ = {isa = PBXBuildFile; fileRef = EC7899932BF350C7003C421E /* FavoriteModel.swift */; };
		EC7899962BF3530B003C421E /* RealmRepository.swift in Sources */ = {isa = PBXBuildFile; fileRef = EC7899952BF3530B003C421E /* RealmRepository.swift */; };
		EC7899982BF35A45003C421E /* CommonMovieListManager.swift in Sources */ = {isa = PBXBuildFile; fileRef = EC7899972BF35A45003C421E /* CommonMovieListManager.swift */; };
		EC78999C2BF38691003C421E /* ConfigureFavoriteViewModel.swift in Sources */ = {isa = PBXBuildFile; fileRef = EC78999B2BF38691003C421E /* ConfigureFavoriteViewModel.swift */; };
		EC7A02302BECA6DA0022C058 /* TrendingMovieApp.swift in Sources */ = {isa = PBXBuildFile; fileRef = EC7A022F2BECA6DA0022C058 /* TrendingMovieApp.swift */; };
		EC7A02342BECA6DD0022C058 /* Assets.xcassets in Resources */ = {isa = PBXBuildFile; fileRef = EC7A02332BECA6DD0022C058 /* Assets.xcassets */; };
		EC7A02372BECA6DD0022C058 /* Preview Assets.xcassets in Resources */ = {isa = PBXBuildFile; fileRef = EC7A02362BECA6DD0022C058 /* Preview Assets.xcassets */; };
		EC7A02412BECA6DD0022C058 /* TrendingMovieTests.swift in Sources */ = {isa = PBXBuildFile; fileRef = EC7A02402BECA6DD0022C058 /* TrendingMovieTests.swift */; };
		EC7A024B2BECA6DD0022C058 /* TrendingMovieUITests.swift in Sources */ = {isa = PBXBuildFile; fileRef = EC7A024A2BECA6DD0022C058 /* TrendingMovieUITests.swift */; };
		EC7A024D2BECA6DD0022C058 /* TrendingMovieUITestsLaunchTests.swift in Sources */ = {isa = PBXBuildFile; fileRef = EC7A024C2BECA6DD0022C058 /* TrendingMovieUITestsLaunchTests.swift */; };
		EC7A025B2BECA7120022C058 /* TrendView.swift in Sources */ = {isa = PBXBuildFile; fileRef = EC7A025A2BECA7120022C058 /* TrendView.swift */; };
		EC7A02602BECAA2D0022C058 /* ButtonWrapper.swift in Sources */ = {isa = PBXBuildFile; fileRef = EC7A025F2BECAA2D0022C058 /* ButtonWrapper.swift */; };
		EC7A02662BECBC3E0022C058 /* TrendHeaderView.swift in Sources */ = {isa = PBXBuildFile; fileRef = EC7A02652BECBC3E0022C058 /* TrendHeaderView.swift */; };
		EC7A02682BECC0950022C058 /* BackDropImageView.swift in Sources */ = {isa = PBXBuildFile; fileRef = EC7A02672BECC0950022C058 /* BackDropImageView.swift */; };
		EC7A026A2BECC0E20022C058 /* VoteAverageView.swift in Sources */ = {isa = PBXBuildFile; fileRef = EC7A02692BECC0E20022C058 /* VoteAverageView.swift */; };
		EC7A026C2BECC1FE0022C058 /* TrendFooterView.swift in Sources */ = {isa = PBXBuildFile; fileRef = EC7A026B2BECC1FE0022C058 /* TrendFooterView.swift */; };
		EC7A026E2BECC2460022C058 /* TrendCellView.swift in Sources */ = {isa = PBXBuildFile; fileRef = EC7A026D2BECC2460022C058 /* TrendCellView.swift */; };
		EC7A02722BECC5EE0022C058 /* TargetType.swift in Sources */ = {isa = PBXBuildFile; fileRef = EC7A02712BECC5EE0022C058 /* TargetType.swift */; };
		EC7A02742BECC7490022C058 /* .gitignore in Resources */ = {isa = PBXBuildFile; fileRef = EC7A02732BECC7490022C058 /* .gitignore */; };
		EC7A02762BECC75B0022C058 /* APIKey.swift in Sources */ = {isa = PBXBuildFile; fileRef = EC7A02752BECC75B0022C058 /* APIKey.swift */; };
		EC7A02782BECCAE80022C058 /* HTTPMethod.swift in Sources */ = {isa = PBXBuildFile; fileRef = EC7A02772BECCAE80022C058 /* HTTPMethod.swift */; };
		EC7A027A2BECCB370022C058 /* HTTPHeader.swift in Sources */ = {isa = PBXBuildFile; fileRef = EC7A02792BECCB370022C058 /* HTTPHeader.swift */; };
		EC7A027D2BECCC7C0022C058 /* TMDBRouter.swift in Sources */ = {isa = PBXBuildFile; fileRef = EC7A027C2BECCC7C0022C058 /* TMDBRouter.swift */; };
		EC7A02812BECCE1B0022C058 /* NetworkManager.swift in Sources */ = {isa = PBXBuildFile; fileRef = EC7A02802BECCE1B0022C058 /* NetworkManager.swift */; };
		EC7A02832BECCF200022C058 /* APIError.swift in Sources */ = {isa = PBXBuildFile; fileRef = EC7A02822BECCF200022C058 /* APIError.swift */; };
		EC7A02852BECDA470022C058 /* TimeWindow.swift in Sources */ = {isa = PBXBuildFile; fileRef = EC7A02842BECDA470022C058 /* TimeWindow.swift */; };
		EC7A02872BECDAC30022C058 /* TrendViewModel.swift in Sources */ = {isa = PBXBuildFile; fileRef = EC7A02862BECDAC30022C058 /* TrendViewModel.swift */; };
		EC7A028A2BECDAEE0022C058 /* ViewModelType.swift in Sources */ = {isa = PBXBuildFile; fileRef = EC7A02892BECDAEE0022C058 /* ViewModelType.swift */; };
		EC7A028D2BECDC430022C058 /* TrendingMovieModel.swift in Sources */ = {isa = PBXBuildFile; fileRef = EC7A028C2BECDC430022C058 /* TrendingMovieModel.swift */; };
		EC7A028F2BECEDA60022C058 /* GenreModel.swift in Sources */ = {isa = PBXBuildFile; fileRef = EC7A028E2BECEDA60022C058 /* GenreModel.swift */; };
		EC93D3102BF6312100CDB1D5 /* PointColorButtonView.swift in Sources */ = {isa = PBXBuildFile; fileRef = EC93D30F2BF6312100CDB1D5 /* PointColorButtonView.swift */; };
		ECF8F4F32BF876F800C0B8E4 /* UserDefaultsManager.swift in Sources */ = {isa = PBXBuildFile; fileRef = ECF8F4F22BF876F800C0B8E4 /* UserDefaultsManager.swift */; };
		ECFAC2752BF0A28700C1DC60 /* DetailView.swift in Sources */ = {isa = PBXBuildFile; fileRef = ECFAC2742BF0A28700C1DC60 /* DetailView.swift */; };
		ECFAC2782BF0A65C00C1DC60 /* GenreManager.swift in Sources */ = {isa = PBXBuildFile; fileRef = ECFAC2772BF0A65C00C1DC60 /* GenreManager.swift */; };
		ECFAC27C2BF0B6E400C1DC60 /* VerticalLine.swift in Sources */ = {isa = PBXBuildFile; fileRef = ECFAC27B2BF0B6E400C1DC60 /* VerticalLine.swift */; };
		ECFAC27F2BF0BDED00C1DC60 /* DetailHeaderView.swift in Sources */ = {isa = PBXBuildFile; fileRef = ECFAC27E2BF0BDED00C1DC60 /* DetailHeaderView.swift */; };
		ECFAC2812BF0BE4000C1DC60 /* PosterView.swift in Sources */ = {isa = PBXBuildFile; fileRef = ECFAC2802BF0BE4000C1DC60 /* PosterView.swift */; };
		ECFAC2832BF0BEFE00C1DC60 /* OverviewView.swift in Sources */ = {isa = PBXBuildFile; fileRef = ECFAC2822BF0BEFE00C1DC60 /* OverviewView.swift */; };
		ECFAC2852BF0BF5800C1DC60 /* SectionHeaderView.swift in Sources */ = {isa = PBXBuildFile; fileRef = ECFAC2842BF0BF5800C1DC60 /* SectionHeaderView.swift */; };
		ECFAC2872BF0BF9E00C1DC60 /* CastView.swift in Sources */ = {isa = PBXBuildFile; fileRef = ECFAC2862BF0BF9E00C1DC60 /* CastView.swift */; };
		ECFAC2892BF0C07900C1DC60 /* DetailViewModel.swift in Sources */ = {isa = PBXBuildFile; fileRef = ECFAC2882BF0C07900C1DC60 /* DetailViewModel.swift */; };
		ECFAC28F2BF0C27D00C1DC60 /* CreditModel.swift in Sources */ = {isa = PBXBuildFile; fileRef = ECFAC28E2BF0C27D00C1DC60 /* CreditModel.swift */; };
		ECFAC2912BF1080800C1DC60 /* MainTabView.swift in Sources */ = {isa = PBXBuildFile; fileRef = ECFAC2902BF1080800C1DC60 /* MainTabView.swift */; };
		ECFAC2942BF10CA400C1DC60 /* FavoriteView.swift in Sources */ = {isa = PBXBuildFile; fileRef = ECFAC2932BF10CA400C1DC60 /* FavoriteView.swift */; };
/* End PBXBuildFile section */

/* Begin PBXContainerItemProxy section */
		EC7A023D2BECA6DD0022C058 /* PBXContainerItemProxy */ = {
			isa = PBXContainerItemProxy;
			containerPortal = EC7A02242BECA6DA0022C058 /* Project object */;
			proxyType = 1;
			remoteGlobalIDString = EC7A022B2BECA6DA0022C058;
			remoteInfo = TrendingMovie;
		};
		EC7A02472BECA6DD0022C058 /* PBXContainerItemProxy */ = {
			isa = PBXContainerItemProxy;
			containerPortal = EC7A02242BECA6DA0022C058 /* Project object */;
			proxyType = 1;
			remoteGlobalIDString = EC7A022B2BECA6DA0022C058;
			remoteInfo = TrendingMovie;
		};
/* End PBXContainerItemProxy section */

/* Begin PBXFileReference section */
		EC78998F2BF34956003C421E /* FavoriteInfoView.swift */ = {isa = PBXFileReference; lastKnownFileType = sourcecode.swift; path = FavoriteInfoView.swift; sourceTree = "<group>"; };
		EC7899912BF34FAE003C421E /* FavoriteViewModel.swift */ = {isa = PBXFileReference; lastKnownFileType = sourcecode.swift; path = FavoriteViewModel.swift; sourceTree = "<group>"; };
		EC7899932BF350C7003C421E /* FavoriteModel.swift */ = {isa = PBXFileReference; lastKnownFileType = sourcecode.swift; path = FavoriteModel.swift; sourceTree = "<group>"; };
		EC7899952BF3530B003C421E /* RealmRepository.swift */ = {isa = PBXFileReference; lastKnownFileType = sourcecode.swift; path = RealmRepository.swift; sourceTree = "<group>"; };
		EC7899972BF35A45003C421E /* CommonMovieListManager.swift */ = {isa = PBXFileReference; lastKnownFileType = sourcecode.swift; path = CommonMovieListManager.swift; sourceTree = "<group>"; };
		EC78999B2BF38691003C421E /* ConfigureFavoriteViewModel.swift */ = {isa = PBXFileReference; lastKnownFileType = sourcecode.swift; path = ConfigureFavoriteViewModel.swift; sourceTree = "<group>"; };
		EC7A022C2BECA6DA0022C058 /* TrendingMovie.app */ = {isa = PBXFileReference; explicitFileType = wrapper.application; includeInIndex = 0; path = TrendingMovie.app; sourceTree = BUILT_PRODUCTS_DIR; };
		EC7A022F2BECA6DA0022C058 /* TrendingMovieApp.swift */ = {isa = PBXFileReference; lastKnownFileType = sourcecode.swift; path = TrendingMovieApp.swift; sourceTree = "<group>"; };
		EC7A02332BECA6DD0022C058 /* Assets.xcassets */ = {isa = PBXFileReference; lastKnownFileType = folder.assetcatalog; path = Assets.xcassets; sourceTree = "<group>"; };
		EC7A02362BECA6DD0022C058 /* Preview Assets.xcassets */ = {isa = PBXFileReference; lastKnownFileType = folder.assetcatalog; path = "Preview Assets.xcassets"; sourceTree = "<group>"; };
		EC7A023C2BECA6DD0022C058 /* TrendingMovieTests.xctest */ = {isa = PBXFileReference; explicitFileType = wrapper.cfbundle; includeInIndex = 0; path = TrendingMovieTests.xctest; sourceTree = BUILT_PRODUCTS_DIR; };
		EC7A02402BECA6DD0022C058 /* TrendingMovieTests.swift */ = {isa = PBXFileReference; lastKnownFileType = sourcecode.swift; path = TrendingMovieTests.swift; sourceTree = "<group>"; };
		EC7A02462BECA6DD0022C058 /* TrendingMovieUITests.xctest */ = {isa = PBXFileReference; explicitFileType = wrapper.cfbundle; includeInIndex = 0; path = TrendingMovieUITests.xctest; sourceTree = BUILT_PRODUCTS_DIR; };
		EC7A024A2BECA6DD0022C058 /* TrendingMovieUITests.swift */ = {isa = PBXFileReference; lastKnownFileType = sourcecode.swift; path = TrendingMovieUITests.swift; sourceTree = "<group>"; };
		EC7A024C2BECA6DD0022C058 /* TrendingMovieUITestsLaunchTests.swift */ = {isa = PBXFileReference; lastKnownFileType = sourcecode.swift; path = TrendingMovieUITestsLaunchTests.swift; sourceTree = "<group>"; };
		EC7A025A2BECA7120022C058 /* TrendView.swift */ = {isa = PBXFileReference; lastKnownFileType = sourcecode.swift; path = TrendView.swift; sourceTree = "<group>"; };
		EC7A025F2BECAA2D0022C058 /* ButtonWrapper.swift */ = {isa = PBXFileReference; lastKnownFileType = sourcecode.swift; path = ButtonWrapper.swift; sourceTree = "<group>"; };
		EC7A02652BECBC3E0022C058 /* TrendHeaderView.swift */ = {isa = PBXFileReference; lastKnownFileType = sourcecode.swift; path = TrendHeaderView.swift; sourceTree = "<group>"; };
		EC7A02672BECC0950022C058 /* BackDropImageView.swift */ = {isa = PBXFileReference; lastKnownFileType = sourcecode.swift; path = BackDropImageView.swift; sourceTree = "<group>"; };
		EC7A02692BECC0E20022C058 /* VoteAverageView.swift */ = {isa = PBXFileReference; lastKnownFileType = sourcecode.swift; path = VoteAverageView.swift; sourceTree = "<group>"; };
		EC7A026B2BECC1FE0022C058 /* TrendFooterView.swift */ = {isa = PBXFileReference; lastKnownFileType = sourcecode.swift; path = TrendFooterView.swift; sourceTree = "<group>"; };
		EC7A026D2BECC2460022C058 /* TrendCellView.swift */ = {isa = PBXFileReference; lastKnownFileType = sourcecode.swift; path = TrendCellView.swift; sourceTree = "<group>"; };
		EC7A02712BECC5EE0022C058 /* TargetType.swift */ = {isa = PBXFileReference; lastKnownFileType = sourcecode.swift; path = TargetType.swift; sourceTree = "<group>"; };
		EC7A02732BECC7490022C058 /* .gitignore */ = {isa = PBXFileReference; lastKnownFileType = text; path = .gitignore; sourceTree = "<group>"; };
		EC7A02752BECC75B0022C058 /* APIKey.swift */ = {isa = PBXFileReference; lastKnownFileType = sourcecode.swift; path = APIKey.swift; sourceTree = "<group>"; };
		EC7A02772BECCAE80022C058 /* HTTPMethod.swift */ = {isa = PBXFileReference; lastKnownFileType = sourcecode.swift; path = HTTPMethod.swift; sourceTree = "<group>"; };
		EC7A02792BECCB370022C058 /* HTTPHeader.swift */ = {isa = PBXFileReference; lastKnownFileType = sourcecode.swift; path = HTTPHeader.swift; sourceTree = "<group>"; };
		EC7A027C2BECCC7C0022C058 /* TMDBRouter.swift */ = {isa = PBXFileReference; lastKnownFileType = sourcecode.swift; path = TMDBRouter.swift; sourceTree = "<group>"; };
		EC7A02802BECCE1B0022C058 /* NetworkManager.swift */ = {isa = PBXFileReference; lastKnownFileType = sourcecode.swift; path = NetworkManager.swift; sourceTree = "<group>"; };
		EC7A02822BECCF200022C058 /* APIError.swift */ = {isa = PBXFileReference; lastKnownFileType = sourcecode.swift; path = APIError.swift; sourceTree = "<group>"; };
		EC7A02842BECDA470022C058 /* TimeWindow.swift */ = {isa = PBXFileReference; lastKnownFileType = sourcecode.swift; path = TimeWindow.swift; sourceTree = "<group>"; };
		EC7A02862BECDAC30022C058 /* TrendViewModel.swift */ = {isa = PBXFileReference; lastKnownFileType = sourcecode.swift; path = TrendViewModel.swift; sourceTree = "<group>"; };
		EC7A02892BECDAEE0022C058 /* ViewModelType.swift */ = {isa = PBXFileReference; lastKnownFileType = sourcecode.swift; path = ViewModelType.swift; sourceTree = "<group>"; };
		EC7A028C2BECDC430022C058 /* TrendingMovieModel.swift */ = {isa = PBXFileReference; lastKnownFileType = sourcecode.swift; path = TrendingMovieModel.swift; sourceTree = "<group>"; };
		EC7A028E2BECEDA60022C058 /* GenreModel.swift */ = {isa = PBXFileReference; lastKnownFileType = sourcecode.swift; path = GenreModel.swift; sourceTree = "<group>"; };
		EC93D30F2BF6312100CDB1D5 /* PointColorButtonView.swift */ = {isa = PBXFileReference; lastKnownFileType = sourcecode.swift; path = PointColorButtonView.swift; sourceTree = "<group>"; };
		EC93D3432BF7851800CDB1D5 /* Info.plist */ = {isa = PBXFileReference; lastKnownFileType = text.plist; path = Info.plist; sourceTree = "<group>"; };
		ECF8F4F22BF876F800C0B8E4 /* UserDefaultsManager.swift */ = {isa = PBXFileReference; lastKnownFileType = sourcecode.swift; path = UserDefaultsManager.swift; sourceTree = "<group>"; };
		ECFAC2742BF0A28700C1DC60 /* DetailView.swift */ = {isa = PBXFileReference; lastKnownFileType = sourcecode.swift; path = DetailView.swift; sourceTree = "<group>"; };
		ECFAC2772BF0A65C00C1DC60 /* GenreManager.swift */ = {isa = PBXFileReference; lastKnownFileType = sourcecode.swift; path = GenreManager.swift; sourceTree = "<group>"; };
		ECFAC27B2BF0B6E400C1DC60 /* VerticalLine.swift */ = {isa = PBXFileReference; lastKnownFileType = sourcecode.swift; path = VerticalLine.swift; sourceTree = "<group>"; };
		ECFAC27E2BF0BDED00C1DC60 /* DetailHeaderView.swift */ = {isa = PBXFileReference; lastKnownFileType = sourcecode.swift; path = DetailHeaderView.swift; sourceTree = "<group>"; };
		ECFAC2802BF0BE4000C1DC60 /* PosterView.swift */ = {isa = PBXFileReference; lastKnownFileType = sourcecode.swift; path = PosterView.swift; sourceTree = "<group>"; };
		ECFAC2822BF0BEFE00C1DC60 /* OverviewView.swift */ = {isa = PBXFileReference; lastKnownFileType = sourcecode.swift; path = OverviewView.swift; sourceTree = "<group>"; };
		ECFAC2842BF0BF5800C1DC60 /* SectionHeaderView.swift */ = {isa = PBXFileReference; lastKnownFileType = sourcecode.swift; path = SectionHeaderView.swift; sourceTree = "<group>"; };
		ECFAC2862BF0BF9E00C1DC60 /* CastView.swift */ = {isa = PBXFileReference; lastKnownFileType = sourcecode.swift; path = CastView.swift; sourceTree = "<group>"; };
		ECFAC2882BF0C07900C1DC60 /* DetailViewModel.swift */ = {isa = PBXFileReference; lastKnownFileType = sourcecode.swift; path = DetailViewModel.swift; sourceTree = "<group>"; };
		ECFAC28E2BF0C27D00C1DC60 /* CreditModel.swift */ = {isa = PBXFileReference; lastKnownFileType = sourcecode.swift; path = CreditModel.swift; sourceTree = "<group>"; };
		ECFAC2902BF1080800C1DC60 /* MainTabView.swift */ = {isa = PBXFileReference; lastKnownFileType = sourcecode.swift; path = MainTabView.swift; sourceTree = "<group>"; };
		ECFAC2932BF10CA400C1DC60 /* FavoriteView.swift */ = {isa = PBXFileReference; lastKnownFileType = sourcecode.swift; path = FavoriteView.swift; sourceTree = "<group>"; };
/* End PBXFileReference section */

/* Begin PBXFrameworksBuildPhase section */
		EC7A02292BECA6DA0022C058 /* Frameworks */ = {
			isa = PBXFrameworksBuildPhase;
			buildActionMask = 2147483647;
			files = (
				EC45DC972C0458E6009ADA5C /* Kingfisher in Frameworks */,
				EC78998C2BF340C6003C421E /* RealmSwift in Frameworks */,
			);
			runOnlyForDeploymentPostprocessing = 0;
		};
		EC7A02392BECA6DD0022C058 /* Frameworks */ = {
			isa = PBXFrameworksBuildPhase;
			buildActionMask = 2147483647;
			files = (
			);
			runOnlyForDeploymentPostprocessing = 0;
		};
		EC7A02432BECA6DD0022C058 /* Frameworks */ = {
			isa = PBXFrameworksBuildPhase;
			buildActionMask = 2147483647;
			files = (
			);
			runOnlyForDeploymentPostprocessing = 0;
		};
/* End PBXFrameworksBuildPhase section */

/* Begin PBXGroup section */
		EC45DC952C0458E6009ADA5C /* Frameworks */ = {
			isa = PBXGroup;
			children = (
			);
			name = Frameworks;
			sourceTree = "<group>";
		};
		EC78998D2BF340F7003C421E /* Realm */ = {
			isa = PBXGroup;
			children = (
				EC7899932BF350C7003C421E /* FavoriteModel.swift */,
				EC7899952BF3530B003C421E /* RealmRepository.swift */,
			);
			path = Realm;
			sourceTree = "<group>";
		};
		EC78998E2BF34942003C421E /* SubViews */ = {
			isa = PBXGroup;
			children = (
				EC78998F2BF34956003C421E /* FavoriteInfoView.swift */,
			);
			path = SubViews;
			sourceTree = "<group>";
		};
		EC7A02232BECA6DA0022C058 = {
			isa = PBXGroup;
			children = (
				EC7A02732BECC7490022C058 /* .gitignore */,
				EC7A022E2BECA6DA0022C058 /* TrendingMovie */,
				EC7A023F2BECA6DD0022C058 /* TrendingMovieTests */,
				EC7A02492BECA6DD0022C058 /* TrendingMovieUITests */,
				EC7A022D2BECA6DA0022C058 /* Products */,
				EC45DC952C0458E6009ADA5C /* Frameworks */,
			);
			sourceTree = "<group>";
		};
		EC7A022D2BECA6DA0022C058 /* Products */ = {
			isa = PBXGroup;
			children = (
				EC7A022C2BECA6DA0022C058 /* TrendingMovie.app */,
				EC7A023C2BECA6DD0022C058 /* TrendingMovieTests.xctest */,
				EC7A02462BECA6DD0022C058 /* TrendingMovieUITests.xctest */,
			);
			name = Products;
			sourceTree = "<group>";
		};
		EC7A022E2BECA6DA0022C058 /* TrendingMovie */ = {
			isa = PBXGroup;
			children = (
				EC93D3432BF7851800CDB1D5 /* Info.plist */,
				ECFAC2762BF0A64A00C1DC60 /* Manager */,
				EC7A02882BECDAD60022C058 /* Protocols */,
				EC7A02702BECC5D30022C058 /* Network */,
				EC78998D2BF340F7003C421E /* Realm */,
				EC7A025C2BECA96D0022C058 /* Custom */,
				EC7A02592BECA6FF0022C058 /* Trend */,
				ECFAC2732BF0A26F00C1DC60 /* Detail */,
				ECFAC2922BF10C9100C1DC60 /* Favorite */,
				EC7A022F2BECA6DA0022C058 /* TrendingMovieApp.swift */,
				ECFAC2902BF1080800C1DC60 /* MainTabView.swift */,
				EC7A02332BECA6DD0022C058 /* Assets.xcassets */,
				EC7A02352BECA6DD0022C058 /* Preview Content */,
			);
			path = TrendingMovie;
			sourceTree = "<group>";
		};
		EC7A02352BECA6DD0022C058 /* Preview Content */ = {
			isa = PBXGroup;
			children = (
				EC7A02362BECA6DD0022C058 /* Preview Assets.xcassets */,
			);
			path = "Preview Content";
			sourceTree = "<group>";
		};
		EC7A023F2BECA6DD0022C058 /* TrendingMovieTests */ = {
			isa = PBXGroup;
			children = (
				EC7A02402BECA6DD0022C058 /* TrendingMovieTests.swift */,
			);
			path = TrendingMovieTests;
			sourceTree = "<group>";
		};
		EC7A02492BECA6DD0022C058 /* TrendingMovieUITests */ = {
			isa = PBXGroup;
			children = (
				EC7A024A2BECA6DD0022C058 /* TrendingMovieUITests.swift */,
				EC7A024C2BECA6DD0022C058 /* TrendingMovieUITestsLaunchTests.swift */,
			);
			path = TrendingMovieUITests;
			sourceTree = "<group>";
		};
		EC7A02592BECA6FF0022C058 /* Trend */ = {
			isa = PBXGroup;
			children = (
				EC7A026F2BECC2690022C058 /* SubViews */,
				EC7A025A2BECA7120022C058 /* TrendView.swift */,
				EC7A02862BECDAC30022C058 /* TrendViewModel.swift */,
				EC78999B2BF38691003C421E /* ConfigureFavoriteViewModel.swift */,
			);
			path = Trend;
			sourceTree = "<group>";
		};
		EC7A025C2BECA96D0022C058 /* Custom */ = {
			isa = PBXGroup;
			children = (
				ECFAC2802BF0BE4000C1DC60 /* PosterView.swift */,
				EC7A025F2BECAA2D0022C058 /* ButtonWrapper.swift */,
				EC7A02672BECC0950022C058 /* BackDropImageView.swift */,
				ECFAC27B2BF0B6E400C1DC60 /* VerticalLine.swift */,
				EC93D30F2BF6312100CDB1D5 /* PointColorButtonView.swift */,
			);
			path = Custom;
			sourceTree = "<group>";
		};
		EC7A026F2BECC2690022C058 /* SubViews */ = {
			isa = PBXGroup;
			children = (
				EC7A02692BECC0E20022C058 /* VoteAverageView.swift */,
				EC7A026D2BECC2460022C058 /* TrendCellView.swift */,
				EC7A026B2BECC1FE0022C058 /* TrendFooterView.swift */,
				EC7A02652BECBC3E0022C058 /* TrendHeaderView.swift */,
			);
			path = SubViews;
			sourceTree = "<group>";
		};
		EC7A02702BECC5D30022C058 /* Network */ = {
			isa = PBXGroup;
			children = (
				EC7A02752BECC75B0022C058 /* APIKey.swift */,
				EC7A02772BECCAE80022C058 /* HTTPMethod.swift */,
				EC7A02792BECCB370022C058 /* HTTPHeader.swift */,
				EC7A02842BECDA470022C058 /* TimeWindow.swift */,
				EC7A02822BECCF200022C058 /* APIError.swift */,
				EC7A02712BECC5EE0022C058 /* TargetType.swift */,
				EC7A02802BECCE1B0022C058 /* NetworkManager.swift */,
				ECFAC28D2BF0C1EA00C1DC60 /* TMDBRouter */,
			);
			path = Network;
			sourceTree = "<group>";
		};
		EC7A02882BECDAD60022C058 /* Protocols */ = {
			isa = PBXGroup;
			children = (
				EC7A02892BECDAEE0022C058 /* ViewModelType.swift */,
			);
			path = Protocols;
			sourceTree = "<group>";
		};
		EC7A028B2BECDC2D0022C058 /* Model */ = {
			isa = PBXGroup;
			children = (
				EC7A028C2BECDC430022C058 /* TrendingMovieModel.swift */,
				EC7A028E2BECEDA60022C058 /* GenreModel.swift */,
				ECFAC28E2BF0C27D00C1DC60 /* CreditModel.swift */,
			);
			path = Model;
			sourceTree = "<group>";
		};
		ECFAC2732BF0A26F00C1DC60 /* Detail */ = {
			isa = PBXGroup;
			children = (
				ECFAC27D2BF0BDC000C1DC60 /* SubViews */,
				ECFAC2742BF0A28700C1DC60 /* DetailView.swift */,
				ECFAC2882BF0C07900C1DC60 /* DetailViewModel.swift */,
			);
			path = Detail;
			sourceTree = "<group>";
		};
		ECFAC2762BF0A64A00C1DC60 /* Manager */ = {
			isa = PBXGroup;
			children = (
				ECFAC2772BF0A65C00C1DC60 /* GenreManager.swift */,
				EC7899972BF35A45003C421E /* CommonMovieListManager.swift */,
				ECF8F4F22BF876F800C0B8E4 /* UserDefaultsManager.swift */,
			);
			path = Manager;
			sourceTree = "<group>";
		};
		ECFAC27D2BF0BDC000C1DC60 /* SubViews */ = {
			isa = PBXGroup;
			children = (
				ECFAC27E2BF0BDED00C1DC60 /* DetailHeaderView.swift */,
				ECFAC2822BF0BEFE00C1DC60 /* OverviewView.swift */,
				ECFAC2842BF0BF5800C1DC60 /* SectionHeaderView.swift */,
				ECFAC2862BF0BF9E00C1DC60 /* CastView.swift */,
			);
			path = SubViews;
			sourceTree = "<group>";
		};
		ECFAC28D2BF0C1EA00C1DC60 /* TMDBRouter */ = {
			isa = PBXGroup;
			children = (
				EC7A027C2BECCC7C0022C058 /* TMDBRouter.swift */,
				EC7A028B2BECDC2D0022C058 /* Model */,
			);
			path = TMDBRouter;
			sourceTree = "<group>";
		};
		ECFAC2922BF10C9100C1DC60 /* Favorite */ = {
			isa = PBXGroup;
			children = (
				EC78998E2BF34942003C421E /* SubViews */,
				ECFAC2932BF10CA400C1DC60 /* FavoriteView.swift */,
				EC7899912BF34FAE003C421E /* FavoriteViewModel.swift */,
			);
			path = Favorite;
			sourceTree = "<group>";
		};
/* End PBXGroup section */

/* Begin PBXNativeTarget section */
		EC7A022B2BECA6DA0022C058 /* TrendingMovie */ = {
			isa = PBXNativeTarget;
			buildConfigurationList = EC7A02502BECA6DD0022C058 /* Build configuration list for PBXNativeTarget "TrendingMovie" */;
			buildPhases = (
				EC7A02282BECA6DA0022C058 /* Sources */,
				EC7A02292BECA6DA0022C058 /* Frameworks */,
				EC7A022A2BECA6DA0022C058 /* Resources */,
			);
			buildRules = (
			);
			dependencies = (
			);
			name = TrendingMovie;
			packageProductDependencies = (
				EC78998B2BF340C6003C421E /* RealmSwift */,
				EC45DC962C0458E6009ADA5C /* Kingfisher */,
			);
			productName = TrendingMovie;
			productReference = EC7A022C2BECA6DA0022C058 /* TrendingMovie.app */;
			productType = "com.apple.product-type.application";
		};
		EC7A023B2BECA6DD0022C058 /* TrendingMovieTests */ = {
			isa = PBXNativeTarget;
			buildConfigurationList = EC7A02532BECA6DD0022C058 /* Build configuration list for PBXNativeTarget "TrendingMovieTests" */;
			buildPhases = (
				EC7A02382BECA6DD0022C058 /* Sources */,
				EC7A02392BECA6DD0022C058 /* Frameworks */,
				EC7A023A2BECA6DD0022C058 /* Resources */,
			);
			buildRules = (
			);
			dependencies = (
				EC7A023E2BECA6DD0022C058 /* PBXTargetDependency */,
			);
			name = TrendingMovieTests;
			productName = TrendingMovieTests;
			productReference = EC7A023C2BECA6DD0022C058 /* TrendingMovieTests.xctest */;
			productType = "com.apple.product-type.bundle.unit-test";
		};
		EC7A02452BECA6DD0022C058 /* TrendingMovieUITests */ = {
			isa = PBXNativeTarget;
			buildConfigurationList = EC7A02562BECA6DD0022C058 /* Build configuration list for PBXNativeTarget "TrendingMovieUITests" */;
			buildPhases = (
				EC7A02422BECA6DD0022C058 /* Sources */,
				EC7A02432BECA6DD0022C058 /* Frameworks */,
				EC7A02442BECA6DD0022C058 /* Resources */,
			);
			buildRules = (
			);
			dependencies = (
				EC7A02482BECA6DD0022C058 /* PBXTargetDependency */,
			);
			name = TrendingMovieUITests;
			productName = TrendingMovieUITests;
			productReference = EC7A02462BECA6DD0022C058 /* TrendingMovieUITests.xctest */;
			productType = "com.apple.product-type.bundle.ui-testing";
		};
/* End PBXNativeTarget section */

/* Begin PBXProject section */
		EC7A02242BECA6DA0022C058 /* Project object */ = {
			isa = PBXProject;
			attributes = {
				BuildIndependentTargetsInParallel = 1;
				LastSwiftUpdateCheck = 1530;
				LastUpgradeCheck = 1530;
				TargetAttributes = {
					EC7A022B2BECA6DA0022C058 = {
						CreatedOnToolsVersion = 15.3;
					};
					EC7A023B2BECA6DD0022C058 = {
						CreatedOnToolsVersion = 15.3;
						TestTargetID = EC7A022B2BECA6DA0022C058;
					};
					EC7A02452BECA6DD0022C058 = {
						CreatedOnToolsVersion = 15.3;
						TestTargetID = EC7A022B2BECA6DA0022C058;
					};
				};
			};
			buildConfigurationList = EC7A02272BECA6DA0022C058 /* Build configuration list for PBXProject "TrendingMovie" */;
			compatibilityVersion = "Xcode 14.0";
			developmentRegion = en;
			hasScannedForEncodings = 0;
			knownRegions = (
				en,
				Base,
			);
			mainGroup = EC7A02232BECA6DA0022C058;
			packageReferences = (
				EC78998A2BF340C6003C421E /* XCRemoteSwiftPackageReference "realm-swift" */,
				EC45DC942C04575D009ADA5C /* XCRemoteSwiftPackageReference "Kingfisher" */,
			);
			productRefGroup = EC7A022D2BECA6DA0022C058 /* Products */;
			projectDirPath = "";
			projectRoot = "";
			targets = (
				EC7A022B2BECA6DA0022C058 /* TrendingMovie */,
				EC7A023B2BECA6DD0022C058 /* TrendingMovieTests */,
				EC7A02452BECA6DD0022C058 /* TrendingMovieUITests */,
			);
		};
/* End PBXProject section */

/* Begin PBXResourcesBuildPhase section */
		EC7A022A2BECA6DA0022C058 /* Resources */ = {
			isa = PBXResourcesBuildPhase;
			buildActionMask = 2147483647;
			files = (
				EC7A02372BECA6DD0022C058 /* Preview Assets.xcassets in Resources */,
				EC7A02742BECC7490022C058 /* .gitignore in Resources */,
				EC7A02342BECA6DD0022C058 /* Assets.xcassets in Resources */,
			);
			runOnlyForDeploymentPostprocessing = 0;
		};
		EC7A023A2BECA6DD0022C058 /* Resources */ = {
			isa = PBXResourcesBuildPhase;
			buildActionMask = 2147483647;
			files = (
			);
			runOnlyForDeploymentPostprocessing = 0;
		};
		EC7A02442BECA6DD0022C058 /* Resources */ = {
			isa = PBXResourcesBuildPhase;
			buildActionMask = 2147483647;
			files = (
			);
			runOnlyForDeploymentPostprocessing = 0;
		};
/* End PBXResourcesBuildPhase section */

/* Begin PBXSourcesBuildPhase section */
		EC7A02282BECA6DA0022C058 /* Sources */ = {
			isa = PBXSourcesBuildPhase;
			buildActionMask = 2147483647;
			files = (
				EC7A027A2BECCB370022C058 /* HTTPHeader.swift in Sources */,
				EC7A028F2BECEDA60022C058 /* GenreModel.swift in Sources */,
				ECF8F4F32BF876F800C0B8E4 /* UserDefaultsManager.swift in Sources */,
				ECFAC2892BF0C07900C1DC60 /* DetailViewModel.swift in Sources */,
				EC7A02682BECC0950022C058 /* BackDropImageView.swift in Sources */,
				ECFAC2782BF0A65C00C1DC60 /* GenreManager.swift in Sources */,
				ECFAC2852BF0BF5800C1DC60 /* SectionHeaderView.swift in Sources */,
				EC7A02852BECDA470022C058 /* TimeWindow.swift in Sources */,
				EC7A02602BECAA2D0022C058 /* ButtonWrapper.swift in Sources */,
				ECFAC2942BF10CA400C1DC60 /* FavoriteView.swift in Sources */,
				EC93D3102BF6312100CDB1D5 /* PointColorButtonView.swift in Sources */,
				EC7A026A2BECC0E20022C058 /* VoteAverageView.swift in Sources */,
				EC7A027D2BECCC7C0022C058 /* TMDBRouter.swift in Sources */,
				ECFAC27F2BF0BDED00C1DC60 /* DetailHeaderView.swift in Sources */,
				EC7899982BF35A45003C421E /* CommonMovieListManager.swift in Sources */,
				EC7A02782BECCAE80022C058 /* HTTPMethod.swift in Sources */,
				EC7A02722BECC5EE0022C058 /* TargetType.swift in Sources */,
				EC7A028A2BECDAEE0022C058 /* ViewModelType.swift in Sources */,
				ECFAC28F2BF0C27D00C1DC60 /* CreditModel.swift in Sources */,
				ECFAC2752BF0A28700C1DC60 /* DetailView.swift in Sources */,
				EC7899962BF3530B003C421E /* RealmRepository.swift in Sources */,
				ECFAC2912BF1080800C1DC60 /* MainTabView.swift in Sources */,
				ECFAC27C2BF0B6E400C1DC60 /* VerticalLine.swift in Sources */,
				EC7A02762BECC75B0022C058 /* APIKey.swift in Sources */,
				ECFAC2812BF0BE4000C1DC60 /* PosterView.swift in Sources */,
				EC7A02832BECCF200022C058 /* APIError.swift in Sources */,
				EC78999C2BF38691003C421E /* ConfigureFavoriteViewModel.swift in Sources */,
				EC7A02662BECBC3E0022C058 /* TrendHeaderView.swift in Sources */,
				EC7A025B2BECA7120022C058 /* TrendView.swift in Sources */,
				EC7A02812BECCE1B0022C058 /* NetworkManager.swift in Sources */,
				EC7A02872BECDAC30022C058 /* TrendViewModel.swift in Sources */,
				EC7A026C2BECC1FE0022C058 /* TrendFooterView.swift in Sources */,
				EC7A028D2BECDC430022C058 /* TrendingMovieModel.swift in Sources */,
				EC7A026E2BECC2460022C058 /* TrendCellView.swift in Sources */,
				EC7899902BF34956003C421E /* FavoriteInfoView.swift in Sources */,
				EC7899922BF34FAE003C421E /* FavoriteViewModel.swift in Sources */,
				EC7899942BF350C7003C421E /* FavoriteModel.swift in Sources */,
				EC7A02302BECA6DA0022C058 /* TrendingMovieApp.swift in Sources */,
				ECFAC2832BF0BEFE00C1DC60 /* OverviewView.swift in Sources */,
				ECFAC2872BF0BF9E00C1DC60 /* CastView.swift in Sources */,
			);
			runOnlyForDeploymentPostprocessing = 0;
		};
		EC7A02382BECA6DD0022C058 /* Sources */ = {
			isa = PBXSourcesBuildPhase;
			buildActionMask = 2147483647;
			files = (
				EC7A02412BECA6DD0022C058 /* TrendingMovieTests.swift in Sources */,
			);
			runOnlyForDeploymentPostprocessing = 0;
		};
		EC7A02422BECA6DD0022C058 /* Sources */ = {
			isa = PBXSourcesBuildPhase;
			buildActionMask = 2147483647;
			files = (
				EC7A024D2BECA6DD0022C058 /* TrendingMovieUITestsLaunchTests.swift in Sources */,
				EC7A024B2BECA6DD0022C058 /* TrendingMovieUITests.swift in Sources */,
			);
			runOnlyForDeploymentPostprocessing = 0;
		};
/* End PBXSourcesBuildPhase section */

/* Begin PBXTargetDependency section */
		EC7A023E2BECA6DD0022C058 /* PBXTargetDependency */ = {
			isa = PBXTargetDependency;
			target = EC7A022B2BECA6DA0022C058 /* TrendingMovie */;
			targetProxy = EC7A023D2BECA6DD0022C058 /* PBXContainerItemProxy */;
		};
		EC7A02482BECA6DD0022C058 /* PBXTargetDependency */ = {
			isa = PBXTargetDependency;
			target = EC7A022B2BECA6DA0022C058 /* TrendingMovie */;
			targetProxy = EC7A02472BECA6DD0022C058 /* PBXContainerItemProxy */;
		};
/* End PBXTargetDependency section */

/* Begin XCBuildConfiguration section */
		EC7A024E2BECA6DD0022C058 /* Debug */ = {
			isa = XCBuildConfiguration;
			buildSettings = {
				ALWAYS_SEARCH_USER_PATHS = NO;
				ASSETCATALOG_COMPILER_GENERATE_SWIFT_ASSET_SYMBOL_EXTENSIONS = YES;
				CLANG_ANALYZER_NONNULL = YES;
				CLANG_ANALYZER_NUMBER_OBJECT_CONVERSION = YES_AGGRESSIVE;
				CLANG_CXX_LANGUAGE_STANDARD = "gnu++20";
				CLANG_ENABLE_MODULES = YES;
				CLANG_ENABLE_OBJC_ARC = YES;
				CLANG_ENABLE_OBJC_WEAK = YES;
				CLANG_WARN_BLOCK_CAPTURE_AUTORELEASING = YES;
				CLANG_WARN_BOOL_CONVERSION = YES;
				CLANG_WARN_COMMA = YES;
				CLANG_WARN_CONSTANT_CONVERSION = YES;
				CLANG_WARN_DEPRECATED_OBJC_IMPLEMENTATIONS = YES;
				CLANG_WARN_DIRECT_OBJC_ISA_USAGE = YES_ERROR;
				CLANG_WARN_DOCUMENTATION_COMMENTS = YES;
				CLANG_WARN_EMPTY_BODY = YES;
				CLANG_WARN_ENUM_CONVERSION = YES;
				CLANG_WARN_INFINITE_RECURSION = YES;
				CLANG_WARN_INT_CONVERSION = YES;
				CLANG_WARN_NON_LITERAL_NULL_CONVERSION = YES;
				CLANG_WARN_OBJC_IMPLICIT_RETAIN_SELF = YES;
				CLANG_WARN_OBJC_LITERAL_CONVERSION = YES;
				CLANG_WARN_OBJC_ROOT_CLASS = YES_ERROR;
				CLANG_WARN_QUOTED_INCLUDE_IN_FRAMEWORK_HEADER = YES;
				CLANG_WARN_RANGE_LOOP_ANALYSIS = YES;
				CLANG_WARN_STRICT_PROTOTYPES = YES;
				CLANG_WARN_SUSPICIOUS_MOVE = YES;
				CLANG_WARN_UNGUARDED_AVAILABILITY = YES_AGGRESSIVE;
				CLANG_WARN_UNREACHABLE_CODE = YES;
				CLANG_WARN__DUPLICATE_METHOD_MATCH = YES;
				COPY_PHASE_STRIP = NO;
				DEBUG_INFORMATION_FORMAT = dwarf;
				ENABLE_STRICT_OBJC_MSGSEND = YES;
				ENABLE_TESTABILITY = YES;
				ENABLE_USER_SCRIPT_SANDBOXING = YES;
				GCC_C_LANGUAGE_STANDARD = gnu17;
				GCC_DYNAMIC_NO_PIC = NO;
				GCC_NO_COMMON_BLOCKS = YES;
				GCC_OPTIMIZATION_LEVEL = 0;
				GCC_PREPROCESSOR_DEFINITIONS = (
					"DEBUG=1",
					"$(inherited)",
				);
				GCC_WARN_64_TO_32_BIT_CONVERSION = YES;
				GCC_WARN_ABOUT_RETURN_TYPE = YES_ERROR;
				GCC_WARN_UNDECLARED_SELECTOR = YES;
				GCC_WARN_UNINITIALIZED_AUTOS = YES_AGGRESSIVE;
				GCC_WARN_UNUSED_FUNCTION = YES;
				GCC_WARN_UNUSED_VARIABLE = YES;
				IPHONEOS_DEPLOYMENT_TARGET = 17.4;
				LOCALIZATION_PREFERS_STRING_CATALOGS = YES;
				MTL_ENABLE_DEBUG_INFO = INCLUDE_SOURCE;
				MTL_FAST_MATH = YES;
				ONLY_ACTIVE_ARCH = YES;
				SDKROOT = iphoneos;
				SWIFT_ACTIVE_COMPILATION_CONDITIONS = "DEBUG $(inherited)";
				SWIFT_OPTIMIZATION_LEVEL = "-Onone";
			};
			name = Debug;
		};
		EC7A024F2BECA6DD0022C058 /* Release */ = {
			isa = XCBuildConfiguration;
			buildSettings = {
				ALWAYS_SEARCH_USER_PATHS = NO;
				ASSETCATALOG_COMPILER_GENERATE_SWIFT_ASSET_SYMBOL_EXTENSIONS = YES;
				CLANG_ANALYZER_NONNULL = YES;
				CLANG_ANALYZER_NUMBER_OBJECT_CONVERSION = YES_AGGRESSIVE;
				CLANG_CXX_LANGUAGE_STANDARD = "gnu++20";
				CLANG_ENABLE_MODULES = YES;
				CLANG_ENABLE_OBJC_ARC = YES;
				CLANG_ENABLE_OBJC_WEAK = YES;
				CLANG_WARN_BLOCK_CAPTURE_AUTORELEASING = YES;
				CLANG_WARN_BOOL_CONVERSION = YES;
				CLANG_WARN_COMMA = YES;
				CLANG_WARN_CONSTANT_CONVERSION = YES;
				CLANG_WARN_DEPRECATED_OBJC_IMPLEMENTATIONS = YES;
				CLANG_WARN_DIRECT_OBJC_ISA_USAGE = YES_ERROR;
				CLANG_WARN_DOCUMENTATION_COMMENTS = YES;
				CLANG_WARN_EMPTY_BODY = YES;
				CLANG_WARN_ENUM_CONVERSION = YES;
				CLANG_WARN_INFINITE_RECURSION = YES;
				CLANG_WARN_INT_CONVERSION = YES;
				CLANG_WARN_NON_LITERAL_NULL_CONVERSION = YES;
				CLANG_WARN_OBJC_IMPLICIT_RETAIN_SELF = YES;
				CLANG_WARN_OBJC_LITERAL_CONVERSION = YES;
				CLANG_WARN_OBJC_ROOT_CLASS = YES_ERROR;
				CLANG_WARN_QUOTED_INCLUDE_IN_FRAMEWORK_HEADER = YES;
				CLANG_WARN_RANGE_LOOP_ANALYSIS = YES;
				CLANG_WARN_STRICT_PROTOTYPES = YES;
				CLANG_WARN_SUSPICIOUS_MOVE = YES;
				CLANG_WARN_UNGUARDED_AVAILABILITY = YES_AGGRESSIVE;
				CLANG_WARN_UNREACHABLE_CODE = YES;
				CLANG_WARN__DUPLICATE_METHOD_MATCH = YES;
				COPY_PHASE_STRIP = NO;
				DEBUG_INFORMATION_FORMAT = "dwarf-with-dsym";
				ENABLE_NS_ASSERTIONS = NO;
				ENABLE_STRICT_OBJC_MSGSEND = YES;
				ENABLE_USER_SCRIPT_SANDBOXING = YES;
				GCC_C_LANGUAGE_STANDARD = gnu17;
				GCC_NO_COMMON_BLOCKS = YES;
				GCC_WARN_64_TO_32_BIT_CONVERSION = YES;
				GCC_WARN_ABOUT_RETURN_TYPE = YES_ERROR;
				GCC_WARN_UNDECLARED_SELECTOR = YES;
				GCC_WARN_UNINITIALIZED_AUTOS = YES_AGGRESSIVE;
				GCC_WARN_UNUSED_FUNCTION = YES;
				GCC_WARN_UNUSED_VARIABLE = YES;
				IPHONEOS_DEPLOYMENT_TARGET = 17.4;
				LOCALIZATION_PREFERS_STRING_CATALOGS = YES;
				MTL_ENABLE_DEBUG_INFO = NO;
				MTL_FAST_MATH = YES;
				SDKROOT = iphoneos;
				SWIFT_COMPILATION_MODE = wholemodule;
				VALIDATE_PRODUCT = YES;
			};
			name = Release;
		};
		EC7A02512BECA6DD0022C058 /* Debug */ = {
			isa = XCBuildConfiguration;
			buildSettings = {
				ASSETCATALOG_COMPILER_APPICON_NAME = AppIcon;
				ASSETCATALOG_COMPILER_GLOBAL_ACCENT_COLOR_NAME = AccentColor;
				CODE_SIGN_STYLE = Automatic;
				CURRENT_PROJECT_VERSION = 1;
				DEVELOPMENT_ASSET_PATHS = "\"TrendingMovie/Preview Content\"";
				ENABLE_PREVIEWS = YES;
				GENERATE_INFOPLIST_FILE = YES;
				INFOPLIST_FILE = TrendingMovie/Info.plist;
				INFOPLIST_KEY_UIApplicationSceneManifest_Generation = YES;
				INFOPLIST_KEY_UIApplicationSupportsIndirectInputEvents = YES;
				INFOPLIST_KEY_UILaunchScreen_Generation = YES;
				INFOPLIST_KEY_UISupportedInterfaceOrientations = UIInterfaceOrientationPortrait;
				INFOPLIST_KEY_UISupportedInterfaceOrientations_iPad = "UIInterfaceOrientationLandscapeLeft UIInterfaceOrientationLandscapeRight UIInterfaceOrientationPortrait UIInterfaceOrientationPortraitUpsideDown";
				IPHONEOS_DEPLOYMENT_TARGET = 16.0;
				LD_RUNPATH_SEARCH_PATHS = (
					"$(inherited)",
					"@executable_path/Frameworks",
				);
				MARKETING_VERSION = 1.0;
				PRODUCT_BUNDLE_IDENTIFIER = com.olraedev.TrendingMovie;
				PRODUCT_NAME = "$(TARGET_NAME)";
				SUPPORTED_PLATFORMS = "iphoneos iphonesimulator";
				SUPPORTS_MACCATALYST = NO;
				SUPPORTS_MAC_DESIGNED_FOR_IPHONE_IPAD = NO;
				SUPPORTS_XR_DESIGNED_FOR_IPHONE_IPAD = NO;
				SWIFT_EMIT_LOC_STRINGS = YES;
				SWIFT_VERSION = 5.0;
				TARGETED_DEVICE_FAMILY = 1;
			};
			name = Debug;
		};
		EC7A02522BECA6DD0022C058 /* Release */ = {
			isa = XCBuildConfiguration;
			buildSettings = {
				ASSETCATALOG_COMPILER_APPICON_NAME = AppIcon;
				ASSETCATALOG_COMPILER_GLOBAL_ACCENT_COLOR_NAME = AccentColor;
				CODE_SIGN_STYLE = Automatic;
				CURRENT_PROJECT_VERSION = 1;
				DEVELOPMENT_ASSET_PATHS = "\"TrendingMovie/Preview Content\"";
				ENABLE_PREVIEWS = YES;
				GENERATE_INFOPLIST_FILE = YES;
				INFOPLIST_FILE = TrendingMovie/Info.plist;
				INFOPLIST_KEY_UIApplicationSceneManifest_Generation = YES;
				INFOPLIST_KEY_UIApplicationSupportsIndirectInputEvents = YES;
				INFOPLIST_KEY_UILaunchScreen_Generation = YES;
				INFOPLIST_KEY_UISupportedInterfaceOrientations = UIInterfaceOrientationPortrait;
				INFOPLIST_KEY_UISupportedInterfaceOrientations_iPad = "UIInterfaceOrientationLandscapeLeft UIInterfaceOrientationLandscapeRight UIInterfaceOrientationPortrait UIInterfaceOrientationPortraitUpsideDown";
				IPHONEOS_DEPLOYMENT_TARGET = 16.0;
				LD_RUNPATH_SEARCH_PATHS = (
					"$(inherited)",
					"@executable_path/Frameworks",
				);
				MARKETING_VERSION = 1.0;
				PRODUCT_BUNDLE_IDENTIFIER = com.olraedev.TrendingMovie;
				PRODUCT_NAME = "$(TARGET_NAME)";
				SUPPORTED_PLATFORMS = "iphoneos iphonesimulator";
				SUPPORTS_MACCATALYST = NO;
				SUPPORTS_MAC_DESIGNED_FOR_IPHONE_IPAD = NO;
				SUPPORTS_XR_DESIGNED_FOR_IPHONE_IPAD = NO;
				SWIFT_EMIT_LOC_STRINGS = YES;
				SWIFT_VERSION = 5.0;
				TARGETED_DEVICE_FAMILY = 1;
			};
			name = Release;
		};
		EC7A02542BECA6DD0022C058 /* Debug */ = {
			isa = XCBuildConfiguration;
			buildSettings = {
				ALWAYS_EMBED_SWIFT_STANDARD_LIBRARIES = YES;
				BUNDLE_LOADER = "$(TEST_HOST)";
				CODE_SIGN_STYLE = Automatic;
				CURRENT_PROJECT_VERSION = 1;
				GENERATE_INFOPLIST_FILE = YES;
				IPHONEOS_DEPLOYMENT_TARGET = 17.4;
				MARKETING_VERSION = 1.0;
				PRODUCT_BUNDLE_IDENTIFIER = com.olraedev.TrendingMovieTests;
				PRODUCT_NAME = "$(TARGET_NAME)";
				SWIFT_EMIT_LOC_STRINGS = NO;
				SWIFT_VERSION = 5.0;
				TARGETED_DEVICE_FAMILY = "1,2";
				TEST_HOST = "$(BUILT_PRODUCTS_DIR)/TrendingMovie.app/$(BUNDLE_EXECUTABLE_FOLDER_PATH)/TrendingMovie";
			};
			name = Debug;
		};
		EC7A02552BECA6DD0022C058 /* Release */ = {
			isa = XCBuildConfiguration;
			buildSettings = {
				ALWAYS_EMBED_SWIFT_STANDARD_LIBRARIES = YES;
				BUNDLE_LOADER = "$(TEST_HOST)";
				CODE_SIGN_STYLE = Automatic;
				CURRENT_PROJECT_VERSION = 1;
				GENERATE_INFOPLIST_FILE = YES;
				IPHONEOS_DEPLOYMENT_TARGET = 17.4;
				MARKETING_VERSION = 1.0;
				PRODUCT_BUNDLE_IDENTIFIER = com.olraedev.TrendingMovieTests;
				PRODUCT_NAME = "$(TARGET_NAME)";
				SWIFT_EMIT_LOC_STRINGS = NO;
				SWIFT_VERSION = 5.0;
				TARGETED_DEVICE_FAMILY = "1,2";
				TEST_HOST = "$(BUILT_PRODUCTS_DIR)/TrendingMovie.app/$(BUNDLE_EXECUTABLE_FOLDER_PATH)/TrendingMovie";
			};
			name = Release;
		};
		EC7A02572BECA6DD0022C058 /* Debug */ = {
			isa = XCBuildConfiguration;
			buildSettings = {
				ALWAYS_EMBED_SWIFT_STANDARD_LIBRARIES = YES;
				CODE_SIGN_STYLE = Automatic;
				CURRENT_PROJECT_VERSION = 1;
				GENERATE_INFOPLIST_FILE = YES;
				MARKETING_VERSION = 1.0;
				PRODUCT_BUNDLE_IDENTIFIER = com.olraedev.TrendingMovieUITests;
				PRODUCT_NAME = "$(TARGET_NAME)";
				SWIFT_EMIT_LOC_STRINGS = NO;
				SWIFT_VERSION = 5.0;
				TARGETED_DEVICE_FAMILY = "1,2";
				TEST_TARGET_NAME = TrendingMovie;
			};
			name = Debug;
		};
		EC7A02582BECA6DD0022C058 /* Release */ = {
			isa = XCBuildConfiguration;
			buildSettings = {
				ALWAYS_EMBED_SWIFT_STANDARD_LIBRARIES = YES;
				CODE_SIGN_STYLE = Automatic;
				CURRENT_PROJECT_VERSION = 1;
				GENERATE_INFOPLIST_FILE = YES;
				MARKETING_VERSION = 1.0;
				PRODUCT_BUNDLE_IDENTIFIER = com.olraedev.TrendingMovieUITests;
				PRODUCT_NAME = "$(TARGET_NAME)";
				SWIFT_EMIT_LOC_STRINGS = NO;
				SWIFT_VERSION = 5.0;
				TARGETED_DEVICE_FAMILY = "1,2";
				TEST_TARGET_NAME = TrendingMovie;
			};
			name = Release;
		};
/* End XCBuildConfiguration section */

/* Begin XCConfigurationList section */
		EC7A02272BECA6DA0022C058 /* Build configuration list for PBXProject "TrendingMovie" */ = {
			isa = XCConfigurationList;
			buildConfigurations = (
				EC7A024E2BECA6DD0022C058 /* Debug */,
				EC7A024F2BECA6DD0022C058 /* Release */,
			);
			defaultConfigurationIsVisible = 0;
			defaultConfigurationName = Release;
		};
		EC7A02502BECA6DD0022C058 /* Build configuration list for PBXNativeTarget "TrendingMovie" */ = {
			isa = XCConfigurationList;
			buildConfigurations = (
				EC7A02512BECA6DD0022C058 /* Debug */,
				EC7A02522BECA6DD0022C058 /* Release */,
			);
			defaultConfigurationIsVisible = 0;
			defaultConfigurationName = Release;
		};
		EC7A02532BECA6DD0022C058 /* Build configuration list for PBXNativeTarget "TrendingMovieTests" */ = {
			isa = XCConfigurationList;
			buildConfigurations = (
				EC7A02542BECA6DD0022C058 /* Debug */,
				EC7A02552BECA6DD0022C058 /* Release */,
			);
			defaultConfigurationIsVisible = 0;
			defaultConfigurationName = Release;
		};
		EC7A02562BECA6DD0022C058 /* Build configuration list for PBXNativeTarget "TrendingMovieUITests" */ = {
			isa = XCConfigurationList;
			buildConfigurations = (
				EC7A02572BECA6DD0022C058 /* Debug */,
				EC7A02582BECA6DD0022C058 /* Release */,
			);
			defaultConfigurationIsVisible = 0;
			defaultConfigurationName = Release;
		};
/* End XCConfigurationList section */

/* Begin XCRemoteSwiftPackageReference section */
		EC45DC942C04575D009ADA5C /* XCRemoteSwiftPackageReference "Kingfisher" */ = {
			isa = XCRemoteSwiftPackageReference;
			repositoryURL = "https://github.com/onevcat/Kingfisher.git";
			requirement = {
				kind = upToNextMajorVersion;
				minimumVersion = 7.11.0;
			};
		};
		EC78998A2BF340C6003C421E /* XCRemoteSwiftPackageReference "realm-swift" */ = {
			isa = XCRemoteSwiftPackageReference;
			repositoryURL = "https://github.com/realm/realm-swift.git";
			requirement = {
				kind = exactVersion;
				version = 10.50.0;
			};
		};
/* End XCRemoteSwiftPackageReference section */

/* Begin XCSwiftPackageProductDependency section */
		EC45DC962C0458E6009ADA5C /* Kingfisher */ = {
			isa = XCSwiftPackageProductDependency;
			package = EC45DC942C04575D009ADA5C /* XCRemoteSwiftPackageReference "Kingfisher" */;
			productName = Kingfisher;
		};
		EC78998B2BF340C6003C421E /* RealmSwift */ = {
			isa = XCSwiftPackageProductDependency;
			package = EC78998A2BF340C6003C421E /* XCRemoteSwiftPackageReference "realm-swift" */;
			productName = RealmSwift;
		};
/* End XCSwiftPackageProductDependency section */
	};
	rootObject = EC7A02242BECA6DA0022C058 /* Project object */;
}
